
Microsoft Visual Studio Solution File, Format Version 12.00
# Visual Studio 2013
VisualStudioVersion = 12.0.40629.0
MinimumVisualStudioVersion = 10.0.40219.1
Project("{8BC9CEB8-8B4A-11D0-8D11-00A0C91BC942}") = "ConsoleApplicationCOH", "ConsoleApplicationCOH\ConsoleApplicationCOH.vcxproj", "{57E93E1E-C9E3-4AE3-B7C9-2868948E820D}"
EndProject
Project("{8BC9CEB8-8B4A-11D0-8D11-00A0C91BC942}") = "HookCostume", "HookCostume\HookCostume.vcxproj", "{EA79B652-6579-47A3-BE94-6139829979DB}"
EndProject
Global
	GlobalSection(SolutionConfigurationPlatforms) = preSolution
		Debug|Any CPU = Debug|Any CPU
		Debug|x64 = Debug|x64
		Debug|x86 = Debug|x86
		Release|Any CPU = Release|Any CPU
		Release|x64 = Release|x64
		Release|x86 = Release|x86
	EndGlobalSection
	GlobalSection(ProjectConfigurationPlatforms) = postSolution
		{57E93E1E-C9E3-4AE3-B7C9-2868948E820D}.Debug|Any CPU.ActiveCfg = Debug|Win32
		{57E93E1E-C9E3-4AE3-B7C9-2868948E820D}.Debug|x64.ActiveCfg = Debug|x64
		{57E93E1E-C9E3-4AE3-B7C9-2868948E820D}.Debug|x64.Build.0 = Debug|x64
		{57E93E1E-C9E3-4AE3-B7C9-2868948E820D}.Debug|x86.ActiveCfg = Debug|Win32
		{57E93E1E-C9E3-4AE3-B7C9-2868948E820D}.Debug|x86.Build.0 = Debug|Win32
		{57E93E1E-C9E3-4AE3-B7C9-2868948E820D}.Release|Any CPU.ActiveCfg = Release|Win32
		{57E93E1E-C9E3-4AE3-B7C9-2868948E820D}.Release|x64.ActiveCfg = Release|x64
		{57E93E1E-C9E3-4AE3-B7C9-2868948E820D}.Release|x64.Build.0 = Release|x64
		{57E93E1E-C9E3-4AE3-B7C9-2868948E820D}.Release|x86.ActiveCfg = Release|Win32
		{57E93E1E-C9E3-4AE3-B7C9-2868948E820D}.Release|x86.Build.0 = Release|Win32
		{EA79B652-6579-47A3-BE94-6139829979DB}.Debug|Any CPU.ActiveCfg = Debug|Win32
		{EA79B652-6579-47A3-BE94-6139829979DB}.Debug|x64.ActiveCfg = Debug|x64
		{EA79B652-6579-47A3-BE94-6139829979DB}.Debug|x64.Build.0 = Debug|x64
		{EA79B652-6579-47A3-BE94-6139829979DB}.Debug|x86.ActiveCfg = Debug|Win32
		{EA79B652-6579-47A3-BE94-6139829979DB}.Debug|x86.Build.0 = Debug|Win32
		{EA79B652-6579-47A3-BE94-6139829979DB}.Release|Any CPU.ActiveCfg = Release|Win32
		{EA79B652-6579-47A3-BE94-6139829979DB}.Release|x64.ActiveCfg = Release|x64
		{EA79B652-6579-47A3-BE94-6139829979DB}.Release|x64.Build.0 = Release|x64
		{EA79B652-6579-47A3-BE94-6139829979DB}.Release|x86.ActiveCfg = Release|Win32
		{EA79B652-6579-47A3-BE94-6139829979DB}.Release|x86.Build.0 = Release|Win32
	EndGlobalSection
	GlobalSection(SolutionProperties) = preSolution
		HideSolutionNode = FALSE
	EndGlobalSection
EndGlobal
