
Microsoft Visual Studio Solution File, Format Version 12.00
# Visual Studio 14
VisualStudioVersion = 14.0.25420.1
MinimumVisualStudioVersion = 10.0.40219.1
Project("{2150E333-8FDC-42A3-9474-1A3956D46DE8}") = "Frameworks", "Frameworks", "{137E9CA5-4FCC-42E1-945D-F511E50F8127}"
EndProject
Project("{2150E333-8FDC-42A3-9474-1A3956D46DE8}") = "Modules", "Modules", "{846094AA-BB12-4B90-9562-2EBE0788B2E2}"
EndProject
Project("{2150E333-8FDC-42A3-9474-1A3956D46DE8}") = "WPF", "WPF", "{8CA47234-718C-4956-BE53-7E3033CB796F}"
EndProject
Project("{FAE04EC0-301F-11D3-BF4B-00C04F79EFBC}") = "Framework.WPF", "Frameworks\Framework.WPF\Framework.WPF.csproj", "{8AF7C885-3D47-4837-84B1-9761B9737F3F}"
EndProject
Project("{FAE04EC0-301F-11D3-BF4B-00C04F79EFBC}") = "Module.Shared", "Modules\Module.Shared\Module.Shared.csproj", "{13AA1A7E-BF19-4823-AE8B-B8D7C9693AEC}"
EndProject
Project("{FAE04EC0-301F-11D3-BF4B-00C04F79EFBC}") = "Module.HeroVirtualTabletop", "Modules\Module.HeroVirtualTabletop\Module.HeroVirtualTabletop.csproj", "{04917CD0-ADF4-41BB-B5E8-139A09E43722}"
EndProject
Project("{2150E333-8FDC-42A3-9474-1A3956D46DE8}") = ".nuget", ".nuget", "{5BC28C3B-3D5E-4683-A225-4C635845D158}"
	ProjectSection(SolutionItems) = preProject
		.nuget\NuGet.Config = .nuget\NuGet.Config
		.nuget\NuGet.exe = .nuget\NuGet.exe
		.nuget\NuGet.targets = .nuget\NuGet.targets
	EndProjectSection
EndProject
Project("{2150E333-8FDC-42A3-9474-1A3956D46DE8}") = "Settings", "Settings", "{FE8D8ADF-2E49-4D64-9EA5-BB2B51A89A9A}"
	ProjectSection(SolutionItems) = preProject
		Settings\Settings.settings = Settings\Settings.settings
	EndProjectSection
EndProject
Project("{2150E333-8FDC-42A3-9474-1A3956D46DE8}") = "Shell", "Shell", "{4AEEE9A1-2247-4D32-B285-BF1AB87D32C5}"
EndProject
Project("{FAE04EC0-301F-11D3-BF4B-00C04F79EFBC}") = "HeroVirtualTabletop.Shell", "Shell\HeroVirtualTableTop.Shell\HeroVirtualTabletop.Shell.csproj", "{EC8D3F38-CB3A-4E73-AC17-759DC0B26045}"
EndProject
Project("{2150E333-8FDC-42A3-9474-1A3956D46DE8}") = "Setup", "Setup", "{82861692-EE8C-46B0-9CB2-2B2FB2F671D7}"
EndProject
Project("{6141683F-8A12-4E36-9623-2EB02B2C2303}") = "HeroVirtualTabletop.Setup", "HeroVirtualTabletop.Setup\HeroVirtualTabletop.Setup.isproj", "{37D2B688-4B00-47D8-83FA-91FB717664F6}"
	ProjectSection(ProjectDependencies) = postProject
		{EC8D3F38-CB3A-4E73-AC17-759DC0B26045} = {EC8D3F38-CB3A-4E73-AC17-759DC0B26045}
		{3858DE58-83C8-4812-A50A-59B95F73C85F} = {3858DE58-83C8-4812-A50A-59B95F73C85F}
		{13AA1A7E-BF19-4823-AE8B-B8D7C9693AEC} = {13AA1A7E-BF19-4823-AE8B-B8D7C9693AEC}
		{8AF7C885-3D47-4837-84B1-9761B9737F3F} = {8AF7C885-3D47-4837-84B1-9761B9737F3F}
		{04917CD0-ADF4-41BB-B5E8-139A09E43722} = {04917CD0-ADF4-41BB-B5E8-139A09E43722}
	EndProjectSection
EndProject
Project("{FAE04EC0-301F-11D3-BF4B-00C04F79EFBC}") = "HeroVirtualTabletop.InstallationHelper", "HeroVirtualTabletop.InstallationHelper\HeroVirtualTabletop.InstallationHelper.csproj", "{3858DE58-83C8-4812-A50A-59B95F73C85F}"
EndProject
Global
	GlobalSection(SolutionConfigurationPlatforms) = preSolution
		CD_ROM|Any CPU = CD_ROM|Any CPU
		Debug|Any CPU = Debug|Any CPU
		DVD-5|Any CPU = DVD-5|Any CPU
		Release|Any CPU = Release|Any CPU
		SingleImage|Any CPU = SingleImage|Any CPU
	EndGlobalSection
	GlobalSection(ProjectConfigurationPlatforms) = postSolution
		{8AF7C885-3D47-4837-84B1-9761B9737F3F}.CD_ROM|Any CPU.ActiveCfg = Release|Any CPU
		{8AF7C885-3D47-4837-84B1-9761B9737F3F}.CD_ROM|Any CPU.Build.0 = Release|Any CPU
		{8AF7C885-3D47-4837-84B1-9761B9737F3F}.Debug|Any CPU.ActiveCfg = Debug|Any CPU
		{8AF7C885-3D47-4837-84B1-9761B9737F3F}.Debug|Any CPU.Build.0 = Debug|Any CPU
		{8AF7C885-3D47-4837-84B1-9761B9737F3F}.DVD-5|Any CPU.ActiveCfg = Debug|Any CPU
		{8AF7C885-3D47-4837-84B1-9761B9737F3F}.DVD-5|Any CPU.Build.0 = Debug|Any CPU
		{8AF7C885-3D47-4837-84B1-9761B9737F3F}.Release|Any CPU.ActiveCfg = Release|Any CPU
		{8AF7C885-3D47-4837-84B1-9761B9737F3F}.Release|Any CPU.Build.0 = Release|Any CPU
		{8AF7C885-3D47-4837-84B1-9761B9737F3F}.SingleImage|Any CPU.ActiveCfg = Release|Any CPU
		{8AF7C885-3D47-4837-84B1-9761B9737F3F}.SingleImage|Any CPU.Build.0 = Release|Any CPU
		{13AA1A7E-BF19-4823-AE8B-B8D7C9693AEC}.CD_ROM|Any CPU.ActiveCfg = Release|Any CPU
		{13AA1A7E-BF19-4823-AE8B-B8D7C9693AEC}.CD_ROM|Any CPU.Build.0 = Release|Any CPU
		{13AA1A7E-BF19-4823-AE8B-B8D7C9693AEC}.Debug|Any CPU.ActiveCfg = Debug|Any CPU
		{13AA1A7E-BF19-4823-AE8B-B8D7C9693AEC}.Debug|Any CPU.Build.0 = Debug|Any CPU
		{13AA1A7E-BF19-4823-AE8B-B8D7C9693AEC}.DVD-5|Any CPU.ActiveCfg = Debug|Any CPU
		{13AA1A7E-BF19-4823-AE8B-B8D7C9693AEC}.DVD-5|Any CPU.Build.0 = Debug|Any CPU
		{13AA1A7E-BF19-4823-AE8B-B8D7C9693AEC}.Release|Any CPU.ActiveCfg = Release|Any CPU
		{13AA1A7E-BF19-4823-AE8B-B8D7C9693AEC}.Release|Any CPU.Build.0 = Release|Any CPU
		{13AA1A7E-BF19-4823-AE8B-B8D7C9693AEC}.SingleImage|Any CPU.ActiveCfg = Release|Any CPU
		{13AA1A7E-BF19-4823-AE8B-B8D7C9693AEC}.SingleImage|Any CPU.Build.0 = Release|Any CPU
		{04917CD0-ADF4-41BB-B5E8-139A09E43722}.CD_ROM|Any CPU.ActiveCfg = Release|Any CPU
		{04917CD0-ADF4-41BB-B5E8-139A09E43722}.CD_ROM|Any CPU.Build.0 = Release|Any CPU
		{04917CD0-ADF4-41BB-B5E8-139A09E43722}.Debug|Any CPU.ActiveCfg = Debug|Any CPU
		{04917CD0-ADF4-41BB-B5E8-139A09E43722}.Debug|Any CPU.Build.0 = Debug|Any CPU
		{04917CD0-ADF4-41BB-B5E8-139A09E43722}.DVD-5|Any CPU.ActiveCfg = Debug|Any CPU
		{04917CD0-ADF4-41BB-B5E8-139A09E43722}.DVD-5|Any CPU.Build.0 = Debug|Any CPU
		{04917CD0-ADF4-41BB-B5E8-139A09E43722}.Release|Any CPU.ActiveCfg = Release|Any CPU
		{04917CD0-ADF4-41BB-B5E8-139A09E43722}.Release|Any CPU.Build.0 = Release|Any CPU
		{04917CD0-ADF4-41BB-B5E8-139A09E43722}.SingleImage|Any CPU.ActiveCfg = Release|Any CPU
		{04917CD0-ADF4-41BB-B5E8-139A09E43722}.SingleImage|Any CPU.Build.0 = Release|Any CPU
		{EC8D3F38-CB3A-4E73-AC17-759DC0B26045}.CD_ROM|Any CPU.ActiveCfg = Release|Any CPU
		{EC8D3F38-CB3A-4E73-AC17-759DC0B26045}.CD_ROM|Any CPU.Build.0 = Release|Any CPU
		{EC8D3F38-CB3A-4E73-AC17-759DC0B26045}.Debug|Any CPU.ActiveCfg = Debug|Any CPU
		{EC8D3F38-CB3A-4E73-AC17-759DC0B26045}.Debug|Any CPU.Build.0 = Debug|Any CPU
		{EC8D3F38-CB3A-4E73-AC17-759DC0B26045}.DVD-5|Any CPU.ActiveCfg = Debug|Any CPU
		{EC8D3F38-CB3A-4E73-AC17-759DC0B26045}.DVD-5|Any CPU.Build.0 = Debug|Any CPU
		{EC8D3F38-CB3A-4E73-AC17-759DC0B26045}.Release|Any CPU.ActiveCfg = Release|Any CPU
		{EC8D3F38-CB3A-4E73-AC17-759DC0B26045}.Release|Any CPU.Build.0 = Release|Any CPU
		{EC8D3F38-CB3A-4E73-AC17-759DC0B26045}.SingleImage|Any CPU.ActiveCfg = Release|Any CPU
		{EC8D3F38-CB3A-4E73-AC17-759DC0B26045}.SingleImage|Any CPU.Build.0 = Release|Any CPU
		{37D2B688-4B00-47D8-83FA-91FB717664F6}.CD_ROM|Any CPU.ActiveCfg = CD_ROM
		{37D2B688-4B00-47D8-83FA-91FB717664F6}.CD_ROM|Any CPU.Build.0 = CD_ROM
		{37D2B688-4B00-47D8-83FA-91FB717664F6}.Debug|Any CPU.ActiveCfg = DVD-5
		{37D2B688-4B00-47D8-83FA-91FB717664F6}.Debug|Any CPU.Build.0 = DVD-5
		{37D2B688-4B00-47D8-83FA-91FB717664F6}.DVD-5|Any CPU.ActiveCfg = DVD-5
		{37D2B688-4B00-47D8-83FA-91FB717664F6}.DVD-5|Any CPU.Build.0 = DVD-5
		{37D2B688-4B00-47D8-83FA-91FB717664F6}.Release|Any CPU.ActiveCfg = SingleImage
		{37D2B688-4B00-47D8-83FA-91FB717664F6}.Release|Any CPU.Build.0 = SingleImage
		{37D2B688-4B00-47D8-83FA-91FB717664F6}.SingleImage|Any CPU.ActiveCfg = SingleImage
		{37D2B688-4B00-47D8-83FA-91FB717664F6}.SingleImage|Any CPU.Build.0 = SingleImage
		{3858DE58-83C8-4812-A50A-59B95F73C85F}.CD_ROM|Any CPU.ActiveCfg = Release|Any CPU
		{3858DE58-83C8-4812-A50A-59B95F73C85F}.CD_ROM|Any CPU.Build.0 = Release|Any CPU
		{3858DE58-83C8-4812-A50A-59B95F73C85F}.Debug|Any CPU.ActiveCfg = Debug|Any CPU
		{3858DE58-83C8-4812-A50A-59B95F73C85F}.Debug|Any CPU.Build.0 = Debug|Any CPU
		{3858DE58-83C8-4812-A50A-59B95F73C85F}.DVD-5|Any CPU.ActiveCfg = Debug|Any CPU
		{3858DE58-83C8-4812-A50A-59B95F73C85F}.DVD-5|Any CPU.Build.0 = Debug|Any CPU
		{3858DE58-83C8-4812-A50A-59B95F73C85F}.Release|Any CPU.ActiveCfg = Release|Any CPU
		{3858DE58-83C8-4812-A50A-59B95F73C85F}.Release|Any CPU.Build.0 = Release|Any CPU
		{3858DE58-83C8-4812-A50A-59B95F73C85F}.SingleImage|Any CPU.ActiveCfg = Release|Any CPU
		{3858DE58-83C8-4812-A50A-59B95F73C85F}.SingleImage|Any CPU.Build.0 = Release|Any CPU
	EndGlobalSection
	GlobalSection(SolutionProperties) = preSolution
		HideSolutionNode = FALSE
	EndGlobalSection
	GlobalSection(NestedProjects) = preSolution
		{8AF7C885-3D47-4837-84B1-9761B9737F3F} = {137E9CA5-4FCC-42E1-945D-F511E50F8127}
		{13AA1A7E-BF19-4823-AE8B-B8D7C9693AEC} = {846094AA-BB12-4B90-9562-2EBE0788B2E2}
		{04917CD0-ADF4-41BB-B5E8-139A09E43722} = {846094AA-BB12-4B90-9562-2EBE0788B2E2}
		{4AEEE9A1-2247-4D32-B285-BF1AB87D32C5} = {8CA47234-718C-4956-BE53-7E3033CB796F}
		{EC8D3F38-CB3A-4E73-AC17-759DC0B26045} = {4AEEE9A1-2247-4D32-B285-BF1AB87D32C5}
		{37D2B688-4B00-47D8-83FA-91FB717664F6} = {82861692-EE8C-46B0-9CB2-2B2FB2F671D7}
		{3858DE58-83C8-4812-A50A-59B95F73C85F} = {82861692-EE8C-46B0-9CB2-2B2FB2F671D7}
	EndGlobalSection
EndGlobal
